
Microsoft Visual Studio Solution File, Format Version 12.00
# Visual Studio 14
VisualStudioVersion = 14.0.23107.0
MinimumVisualStudioVersion = 10.0.40219.1
Project("{FAE04EC0-301F-11D3-BF4B-00C04F79EFBC}") = "LaunchpadTest", "LaunchpadTest\LaunchpadTest.csproj", "{ACAF0EA4-8400-4761-B951-9BCFC8B2D7E0}"
EndProject
Project("{FAE04EC0-301F-11D3-BF4B-00C04F79EFBC}") = "LaunchpadTest.Tests", "LaunchpadTest.Tests\LaunchpadTest.Tests.csproj", "{102C01A9-559B-4252-BB99-E97692E453BC}"
EndProject
Global
	GlobalSection(SolutionConfigurationPlatforms) = preSolution
		Debug|Any CPU = Debug|Any CPU
		Release|Any CPU = Release|Any CPU
	EndGlobalSection
	GlobalSection(ProjectConfigurationPlatforms) = postSolution
		{ACAF0EA4-8400-4761-B951-9BCFC8B2D7E0}.Debug|Any CPU.ActiveCfg = Debug|Any CPU
		{ACAF0EA4-8400-4761-B951-9BCFC8B2D7E0}.Debug|Any CPU.Build.0 = Debug|Any CPU
		{ACAF0EA4-8400-4761-B951-9BCFC8B2D7E0}.Release|Any CPU.ActiveCfg = Release|Any CPU
		{ACAF0EA4-8400-4761-B951-9BCFC8B2D7E0}.Release|Any CPU.Build.0 = Release|Any CPU
		{102C01A9-559B-4252-BB99-E97692E453BC}.Debug|Any CPU.ActiveCfg = Debug|Any CPU
		{102C01A9-559B-4252-BB99-E97692E453BC}.Debug|Any CPU.Build.0 = Debug|Any CPU
		{102C01A9-559B-4252-BB99-E97692E453BC}.Release|Any CPU.ActiveCfg = Release|Any CPU
		{102C01A9-559B-4252-BB99-E97692E453BC}.Release|Any CPU.Build.0 = Release|Any CPU
	EndGlobalSection
	GlobalSection(SolutionProperties) = preSolution
		HideSolutionNode = FALSE
	EndGlobalSection
EndGlobal
